{
  "version": 4,
  "terraform_version": "1.4.6",
  "serial": 371,
  "lineage": "2507daba-1600-e263-db77-21cc51889a2e",
  "outputs": {},
  "resources": [
    {
      "mode": "data",
      "type": "aws_eks_cluster",
      "name": "reelcruit-cluster",
      "provider": "provider[\"registry.terraform.io/hashicorp/aws\"]",
      "instances": [
        {
          "schema_version": 0,
          "attributes": {
            "arn": "arn:aws:eks:eu-west-1:653180070951:cluster/reelcruit-cluster",
            "certificate_authority": [
              {
                "data": "LS0tLS1CRUdJTiBDRVJUSUZJQ0FURS0tLS0tCk1JSUMvakNDQWVhZ0F3SUJBZ0lCQURBTkJna3Foa2lHOXcwQkFRc0ZBREFWTVJNd0VRWURWUVFERXdwcmRXSmwKY201bGRHVnpNQjRYRFRJek1EY3lOakUwTURZMU0xb1hEVE16TURjeU16RTBNRFkxTTFvd0ZURVRNQkVHQTFVRQpBeE1LYTNWaVpYSnVaWFJsY3pDQ0FTSXdEUVlKS29aSWh2Y05BUUVCQlFBRGdnRVBBRENDQVFvQ2dnRUJBTllXCnpxdVBieVhYL1R3cHU1aGdMS2M1enZNcHcvMjlRZ2xrOUJUQlA0RVBuUzlJWW56TG9NZnFTVkUyWEdsdlBCdW8KRWhDVFlYdG52eTU2SjhzamJaWVA1cno1TEgzVzlrYzhwTnNWVkk1eGhTSk0vdFNWVkZjalIwcXZqYTkzTUhDagpMdEEvM3lxdm9TbTY3R3B0bGI5SGgyb2pXQnJidXBMVG5jWHNxU1I5c1RTcThUUW0vZ1oxZStPd0pYL3R2Vnc3ClJqeWhYZTBORmU4WkwwSFNDcjFKcHJPUmZtVElXMWxOS1FRdmgwZFRJWnV0MEJhaHMvcEhGaXgrSm9OOWpXZGMKbTBRYS9rbXcyWnR1U2xUVVZQL2IyZGptZk01ZUk2TVZ4MVFEa3pZa3p0aXVTWHFJYzYrNkJtUnNoeXhVbmtyVQpCT01haHM3QWFvNTh4Z0V1QjVNQ0F3RUFBYU5aTUZjd0RnWURWUjBQQVFIL0JBUURBZ0trTUE4R0ExVWRFd0VCCi93UUZNQU1CQWY4d0hRWURWUjBPQkJZRUZIZWNGWFY2SE5hNzQvdVlIcnNlNS9lRm1oRFFNQlVHQTFVZEVRUU8KTUF5Q0NtdDFZbVZ5Ym1WMFpYTXdEUVlKS29aSWh2Y05BUUVMQlFBRGdnRUJBQ096cmQ5ZzMzaWl6cUlQSlBKWQoxK0dYaEdkV2NDT3czN1NnTWo5WURNVWhZNEtYME5yaGdKeTd0b0lKSHFkTXYyZVJ2Wm5GZHRqR2ZEV0QwdWdnCmJmRGIyZmx2UUFIS29mTFVnbk5HcGhjVUsxLzhMWmliN1VNZEtxaTY3bWE1MytkUFExNmthdm13MGhkNzJCM04KMjgwdmE1R2pWNzdhMzZqaEk1WWFaZTAxL0hSLzZrSTYxZDVCUlpDcENudlR2M2d2Y1A5MkJ1eTBQYW1tTUNVVApiWUU5dHhKQ1hKSVFKdm8wVGorL0k2QlRqcStobXY2OUJDL1pXSnBJSlFrK3dIemdBbFZiY21xUzZjSlp3U2tECjJ2d2tYNjBiQVNNMWNsYWZ2ZUF3aGRBWlpYOVQxNnhlQUdxTzNRTmVXUi9tcy9CaHhJZ2lSTDk0TkdHSkV0Y2oKNGw0PQotLS0tLUVORCBDRVJUSUZJQ0FURS0tLS0tCg=="
              }
            ],
            "cluster_id": null,
            "created_at": "2023-07-26 14:01:38.379 +0000 UTC",
            "enabled_cluster_log_types": [],
            "endpoint": "https://E691E7197893448C5F375C988E930A7A.gr7.eu-west-1.eks.amazonaws.com",
            "id": "reelcruit-cluster",
            "identity": [
              {
                "oidc": [
                  {
                    "issuer": "https://oidc.eks.eu-west-1.amazonaws.com/id/E691E7197893448C5F375C988E930A7A"
                  }
                ]
              }
            ],
            "kubernetes_network_config": [
              {
                "ip_family": "ipv4",
                "service_ipv4_cidr": "10.100.0.0/16",
                "service_ipv6_cidr": ""
              }
            ],
            "name": "reelcruit-cluster",
            "outpost_config": [],
            "platform_version": "eks.3",
            "role_arn": "arn:aws:iam::653180070951:role/reelcruit-eks-cluster-policy-prod",
            "status": "ACTIVE",
            "tags": {
              "Name": "reelcruit-eks-cluster"
            },
            "version": "1.27",
            "vpc_config": [
              {
                "cluster_security_group_id": "sg-0bd2be18bd98c70da",
                "endpoint_private_access": false,
                "endpoint_public_access": true,
                "public_access_cidrs": [
                  "0.0.0.0/0"
                ],
                "security_group_ids": [],
                "subnet_ids": [
                  "subnet-073a8af79501641fd",
                  "subnet-0c17800926694d30f"
                ],
                "vpc_id": "vpc-0e8da31a3349b26f9"
              }
            ]
          },
          "sensitive_attributes": []
        }
      ]
    },
    {
      "mode": "data",
      "type": "aws_eks_cluster_auth",
      "name": "reelcruit-cluster",
      "provider": "provider[\"registry.terraform.io/hashicorp/aws\"]",
      "instances": [
        {
          "schema_version": 0,
          "attributes": {
            "id": "reelcruit-cluster",
            "name": "reelcruit-cluster",
            "token": "k8s-aws-v1.aHR0cHM6Ly9zdHMuYW1hem9uYXdzLmNvbS8_QWN0aW9uPUdldENhbGxlcklkZW50aXR5JlZlcnNpb249MjAxMS0wNi0xNSZYLUFtei1BbGdvcml0aG09QVdTNC1ITUFDLVNIQTI1NiZYLUFtei1DcmVkZW50aWFsPUFLSUFaUUZFUTVRVDJYTVdYQUdKJTJGMjAyMzA3MjYlMkZ1cy1lYXN0LTElMkZzdHMlMkZhd3M0X3JlcXVlc3QmWC1BbXotRGF0ZT0yMDIzMDcyNlQxNzU0NDdaJlgtQW16LUV4cGlyZXM9MCZYLUFtei1TaWduZWRIZWFkZXJzPWhvc3QlM0J4LWs4cy1hd3MtaWQmWC1BbXotU2lnbmF0dXJlPWFhOTU3N2E2ZjEyMGQxNGVkOGY2NDFhMGIwYTI2MGI5ZGM3YjU5NTNjM2YzMjIzZTNhZjExMDhjZjg3MjhlZWU"
          },
          "sensitive_attributes": []
        }
      ]
    },
    {
      "mode": "managed",
      "type": "aws_eks_cluster",
      "name": "reelcruit-cluster",
      "provider": "provider[\"registry.terraform.io/hashicorp/aws\"]",
      "instances": [
        {
          "schema_version": 0,
          "attributes": {
            "arn": "arn:aws:eks:eu-west-1:653180070951:cluster/reelcruit-cluster",
            "certificate_authority": [
              {
                "data": "LS0tLS1CRUdJTiBDRVJUSUZJQ0FURS0tLS0tCk1JSUMvakNDQWVhZ0F3SUJBZ0lCQURBTkJna3Foa2lHOXcwQkFRc0ZBREFWTVJNd0VRWURWUVFERXdwcmRXSmwKY201bGRHVnpNQjRYRFRJek1EY3lOakUwTURZMU0xb1hEVE16TURjeU16RTBNRFkxTTFvd0ZURVRNQkVHQTFVRQpBeE1LYTNWaVpYSnVaWFJsY3pDQ0FTSXdEUVlKS29aSWh2Y05BUUVCQlFBRGdnRVBBRENDQVFvQ2dnRUJBTllXCnpxdVBieVhYL1R3cHU1aGdMS2M1enZNcHcvMjlRZ2xrOUJUQlA0RVBuUzlJWW56TG9NZnFTVkUyWEdsdlBCdW8KRWhDVFlYdG52eTU2SjhzamJaWVA1cno1TEgzVzlrYzhwTnNWVkk1eGhTSk0vdFNWVkZjalIwcXZqYTkzTUhDagpMdEEvM3lxdm9TbTY3R3B0bGI5SGgyb2pXQnJidXBMVG5jWHNxU1I5c1RTcThUUW0vZ1oxZStPd0pYL3R2Vnc3ClJqeWhYZTBORmU4WkwwSFNDcjFKcHJPUmZtVElXMWxOS1FRdmgwZFRJWnV0MEJhaHMvcEhGaXgrSm9OOWpXZGMKbTBRYS9rbXcyWnR1U2xUVVZQL2IyZGptZk01ZUk2TVZ4MVFEa3pZa3p0aXVTWHFJYzYrNkJtUnNoeXhVbmtyVQpCT01haHM3QWFvNTh4Z0V1QjVNQ0F3RUFBYU5aTUZjd0RnWURWUjBQQVFIL0JBUURBZ0trTUE4R0ExVWRFd0VCCi93UUZNQU1CQWY4d0hRWURWUjBPQkJZRUZIZWNGWFY2SE5hNzQvdVlIcnNlNS9lRm1oRFFNQlVHQTFVZEVRUU8KTUF5Q0NtdDFZbVZ5Ym1WMFpYTXdEUVlKS29aSWh2Y05BUUVMQlFBRGdnRUJBQ096cmQ5ZzMzaWl6cUlQSlBKWQoxK0dYaEdkV2NDT3czN1NnTWo5WURNVWhZNEtYME5yaGdKeTd0b0lKSHFkTXYyZVJ2Wm5GZHRqR2ZEV0QwdWdnCmJmRGIyZmx2UUFIS29mTFVnbk5HcGhjVUsxLzhMWmliN1VNZEtxaTY3bWE1MytkUFExNmthdm13MGhkNzJCM04KMjgwdmE1R2pWNzdhMzZqaEk1WWFaZTAxL0hSLzZrSTYxZDVCUlpDcENudlR2M2d2Y1A5MkJ1eTBQYW1tTUNVVApiWUU5dHhKQ1hKSVFKdm8wVGorL0k2QlRqcStobXY2OUJDL1pXSnBJSlFrK3dIemdBbFZiY21xUzZjSlp3U2tECjJ2d2tYNjBiQVNNMWNsYWZ2ZUF3aGRBWlpYOVQxNnhlQUdxTzNRTmVXUi9tcy9CaHhJZ2lSTDk0TkdHSkV0Y2oKNGw0PQotLS0tLUVORCBDRVJUSUZJQ0FURS0tLS0tCg=="
              }
            ],
            "cluster_id": null,
            "created_at": "2023-07-26 14:01:38.379 +0000 UTC",
            "enabled_cluster_log_types": [],
            "encryption_config": [],
            "endpoint": "https://E691E7197893448C5F375C988E930A7A.gr7.eu-west-1.eks.amazonaws.com",
            "id": "reelcruit-cluster",
            "identity": [
              {
                "oidc": [
                  {
                    "issuer": "https://oidc.eks.eu-west-1.amazonaws.com/id/E691E7197893448C5F375C988E930A7A"
                  }
                ]
              }
            ],
            "kubernetes_network_config": [
              {
                "ip_family": "ipv4",
                "service_ipv4_cidr": "10.100.0.0/16",
                "service_ipv6_cidr": ""
              }
            ],
            "name": "reelcruit-cluster",
            "outpost_config": [],
            "platform_version": "eks.3",
            "role_arn": "arn:aws:iam::653180070951:role/reelcruit-eks-cluster-policy-prod",
            "status": "ACTIVE",
            "tags": {
              "Name": "reelcruit-eks-cluster"
            },
            "tags_all": {
              "Name": "reelcruit-eks-cluster"
            },
            "timeouts": null,
            "version": "1.27",
            "vpc_config": [
              {
                "cluster_security_group_id": "sg-0bd2be18bd98c70da",
                "endpoint_private_access": false,
                "endpoint_public_access": true,
                "public_access_cidrs": [
                  "0.0.0.0/0"
                ],
                "security_group_ids": [],
                "subnet_ids": [
                  "subnet-073a8af79501641fd",
                  "subnet-0c17800926694d30f"
                ],
                "vpc_id": "vpc-0e8da31a3349b26f9"
              }
            ]
          },
          "sensitive_attributes": [],
          "private": "eyJlMmJmYjczMC1lY2FhLTExZTYtOGY4OC0zNDM2M2JjN2M0YzAiOnsiY3JlYXRlIjoxODAwMDAwMDAwMDAwLCJkZWxldGUiOjkwMDAwMDAwMDAwMCwidXBkYXRlIjozNjAwMDAwMDAwMDAwfX0=",
          "dependencies": [
            "aws_iam_role.reelcruit-cluster-policy",
            "aws_iam_role_policy_attachment.reelcruit-AmazonEKSClusterPolicy",
            "aws_subnet.reelcruit-private-subnet-one",
            "aws_subnet.reelcruit-private-subnet-two",
            "aws_vpc.reelcruit-vpc"
          ]
        }
      ]
    },
    {
      "mode": "managed",
      "type": "aws_iam_role",
      "name": "reelcruit-cluster-policy",
      "provider": "provider[\"registry.terraform.io/hashicorp/aws\"]",
      "instances": [
        {
          "schema_version": 0,
          "attributes": {
            "arn": "arn:aws:iam::653180070951:role/reelcruit-eks-cluster-policy-prod",
            "assume_role_policy": "{\"Statement\":[{\"Action\":\"sts:AssumeRole\",\"Effect\":\"Allow\",\"Principal\":{\"Service\":\"eks.amazonaws.com\"}}],\"Version\":\"2012-10-17\"}",
            "create_date": "2023-07-26T14:01:22Z",
            "description": "",
            "force_detach_policies": false,
            "id": "reelcruit-eks-cluster-policy-prod",
            "inline_policy": [],
            "managed_policy_arns": [
              "arn:aws:iam::aws:policy/AmazonEKSClusterPolicy"
            ],
            "max_session_duration": 3600,
            "name": "reelcruit-eks-cluster-policy-prod",
            "name_prefix": "",
            "path": "/",
            "permissions_boundary": null,
            "role_last_used": [
              {
                "last_used_date": "2023-07-26T17:37:58Z",
                "region": "eu-west-1"
              }
            ],
            "tags": {},
            "tags_all": {},
            "unique_id": "AROAZQFEQ5QTUQ5AIZM7P"
          },
          "sensitive_attributes": [],
          "private": "bnVsbA=="
        }
      ]
    },
    {
      "mode": "managed",
      "type": "aws_iam_role_policy_attachment",
      "name": "reelcruit-AmazonEKSClusterPolicy",
      "provider": "provider[\"registry.terraform.io/hashicorp/aws\"]",
      "instances": [
        {
          "schema_version": 0,
          "attributes": {
            "id": "reelcruit-eks-cluster-policy-prod-20230726140152520500000003",
            "policy_arn": "arn:aws:iam::aws:policy/AmazonEKSClusterPolicy",
            "role": "reelcruit-eks-cluster-policy-prod"
          },
          "sensitive_attributes": [],
          "private": "bnVsbA==",
          "dependencies": [
            "aws_iam_role.reelcruit-cluster-policy"
          ]
        }
      ]
    },
    {
      "mode": "managed",
      "type": "aws_subnet",
      "name": "reelcruit-private-subnet-one",
      "provider": "provider[\"registry.terraform.io/hashicorp/aws\"]",
      "instances": [
        {
          "schema_version": 1,
          "attributes": {
            "arn": "arn:aws:ec2:eu-west-1:653180070951:subnet/subnet-0c17800926694d30f",
            "assign_ipv6_address_on_creation": false,
            "availability_zone": "eu-west-1a",
            "availability_zone_id": "euw1-az3",
            "cidr_block": "100.0.3.0/24",
            "customer_owned_ipv4_pool": "",
            "enable_dns64": false,
            "enable_lni_at_device_index": 0,
            "enable_resource_name_dns_a_record_on_launch": false,
            "enable_resource_name_dns_aaaa_record_on_launch": false,
            "id": "subnet-0c17800926694d30f",
            "ipv6_cidr_block": "",
            "ipv6_cidr_block_association_id": "",
            "ipv6_native": false,
            "map_customer_owned_ip_on_launch": false,
            "map_public_ip_on_launch": false,
            "outpost_arn": "",
            "owner_id": "653180070951",
            "private_dns_hostname_type_on_launch": "ip-name",
            "tags": {
              "Name": "reelcruit-private-subnet-one",
              "kubernetes.io/cluster/reelcruit-cluster": "shared",
              "kubernetes.io/role/internal-elb": "1"
            },
            "tags_all": {
              "Name": "reelcruit-private-subnet-one",
              "kubernetes.io/cluster/reelcruit-cluster": "shared",
              "kubernetes.io/role/internal-elb": "1"
            },
            "timeouts": null,
            "vpc_id": "vpc-0e8da31a3349b26f9"
          },
          "sensitive_attributes": [],
          "private": "eyJlMmJmYjczMC1lY2FhLTExZTYtOGY4OC0zNDM2M2JjN2M0YzAiOnsiY3JlYXRlIjo2MDAwMDAwMDAwMDAsImRlbGV0ZSI6MTIwMDAwMDAwMDAwMH0sInNjaGVtYV92ZXJzaW9uIjoiMSJ9",
          "dependencies": [
            "aws_vpc.reelcruit-vpc"
          ]
        }
      ]
    },
    {
      "mode": "managed",
      "type": "aws_subnet",
      "name": "reelcruit-private-subnet-two",
      "provider": "provider[\"registry.terraform.io/hashicorp/aws\"]",
      "instances": [
        {
          "schema_version": 1,
          "attributes": {
            "arn": "arn:aws:ec2:eu-west-1:653180070951:subnet/subnet-073a8af79501641fd",
            "assign_ipv6_address_on_creation": false,
            "availability_zone": "eu-west-1b",
            "availability_zone_id": "euw1-az1",
            "cidr_block": "100.0.4.0/24",
            "customer_owned_ipv4_pool": "",
            "enable_dns64": false,
            "enable_lni_at_device_index": 0,
            "enable_resource_name_dns_a_record_on_launch": false,
            "enable_resource_name_dns_aaaa_record_on_launch": false,
            "id": "subnet-073a8af79501641fd",
            "ipv6_cidr_block": "",
            "ipv6_cidr_block_association_id": "",
            "ipv6_native": false,
            "map_customer_owned_ip_on_launch": false,
            "map_public_ip_on_launch": false,
            "outpost_arn": "",
            "owner_id": "653180070951",
            "private_dns_hostname_type_on_launch": "ip-name",
            "tags": {
              "Name": "reelcruit-private-subnet-two",
              "kubernetes.io/cluster/reelcruit-cluster": "shared",
              "kubernetes.io/role/internal-elb": "1"
            },
            "tags_all": {
              "Name": "reelcruit-private-subnet-two",
              "kubernetes.io/cluster/reelcruit-cluster": "shared",
              "kubernetes.io/role/internal-elb": "1"
            },
            "timeouts": null,
            "vpc_id": "vpc-0e8da31a3349b26f9"
          },
          "sensitive_attributes": [],
          "private": "eyJlMmJmYjczMC1lY2FhLTExZTYtOGY4OC0zNDM2M2JjN2M0YzAiOnsiY3JlYXRlIjo2MDAwMDAwMDAwMDAsImRlbGV0ZSI6MTIwMDAwMDAwMDAwMH0sInNjaGVtYV92ZXJzaW9uIjoiMSJ9",
          "dependencies": [
            "aws_vpc.reelcruit-vpc"
          ]
        }
      ]
    },
    {
      "mode": "managed",
      "type": "aws_vpc",
      "name": "reelcruit-vpc",
      "provider": "provider[\"registry.terraform.io/hashicorp/aws\"]",
      "instances": [
        {
          "schema_version": 1,
          "attributes": {
            "arn": "arn:aws:ec2:eu-west-1:653180070951:vpc/vpc-0e8da31a3349b26f9",
            "assign_generated_ipv6_cidr_block": false,
            "cidr_block": "100.0.0.0/16",
            "default_network_acl_id": "acl-0917add6829562957",
            "default_route_table_id": "rtb-058230799771ea142",
            "default_security_group_id": "sg-0f31c35879b64c29e",
            "dhcp_options_id": "dopt-09ee2cd149d2b6d5f",
            "enable_classiclink": false,
            "enable_classiclink_dns_support": false,
            "enable_dns_hostnames": true,
            "enable_dns_support": true,
            "enable_network_address_usage_metrics": false,
            "id": "vpc-0e8da31a3349b26f9",
            "instance_tenancy": "default",
            "ipv4_ipam_pool_id": null,
            "ipv4_netmask_length": null,
            "ipv6_association_id": "",
            "ipv6_cidr_block": "",
            "ipv6_cidr_block_network_border_group": "",
            "ipv6_ipam_pool_id": "",
            "ipv6_netmask_length": 0,
            "main_route_table_id": "rtb-058230799771ea142",
            "owner_id": "653180070951",
            "tags": {
              "Name": "reelcruit-vpc",
              "kubernetes.io/cluster/reelcruit-cluster": "shared"
            },
            "tags_all": {
              "Name": "reelcruit-vpc",
              "kubernetes.io/cluster/reelcruit-cluster": "shared"
            }
          },
          "sensitive_attributes": [],
          "private": "eyJzY2hlbWFfdmVyc2lvbiI6IjEifQ=="
        }
      ]
    },
    {
      "mode": "managed",
      "type": "kubernetes_namespace",
      "name": "namespaces",
      "provider": "provider[\"registry.terraform.io/hashicorp/kubernetes\"]",
      "instances": [
        {
          "index_key": "prometheus",
          "schema_version": 0,
          "attributes": {
            "id": "prometheus",
            "metadata": [
              {
                "annotations": {},
                "generate_name": "",
                "generation": 0,
                "labels": {},
                "name": "prometheus",
                "resource_version": "614",
                "uid": "9371300a-0016-4182-b507-34400989a6d6"
              }
            ],
            "timeouts": null,
            "wait_for_default_service_account": false
          },
          "sensitive_attributes": [],
          "private": "eyJlMmJmYjczMC1lY2FhLTExZTYtOGY4OC0zNDM2M2JjN2M0YzAiOnsiZGVsZXRlIjozMDAwMDAwMDAwMDB9fQ==",
          "dependencies": [
            "aws_eks_cluster.reelcruit-cluster",
            "aws_iam_role.reelcruit-cluster-policy",
            "aws_iam_role_policy_attachment.reelcruit-AmazonEKSClusterPolicy",
            "aws_subnet.reelcruit-private-subnet-one",
            "aws_subnet.reelcruit-private-subnet-two",
            "aws_vpc.reelcruit-vpc",
            "data.aws_eks_cluster.reelcruit-cluster",
            "data.aws_eks_cluster_auth.reelcruit-cluster"
          ]
        }
      ]
    }
  ],
  "check_results": null
}
